// !$*UTF8*$!
{
	archiveVersion = 1;
	classes = {
	};
	objectVersion = 51;
	objects = {

/* Begin PBXBuildFile section */
		7221898030150B788EE28A8C /* Pods_zest.framework in Frameworks */ = {isa = PBXBuildFile; fileRef = 2AC4934F4634EA337B0E2223 /* Pods_zest.framework */; };
		A7E9603F2459A0B600DAAE7F /* recipeCardView.xib in Resources */ = {isa = PBXBuildFile; fileRef = A7E9603E2459A0B600DAAE7F /* recipeCardView.xib */; };
		A7E960412459A10600DAAE7F /* recipeCardView.swift in Sources */ = {isa = PBXBuildFile; fileRef = A7E960402459A10600DAAE7F /* recipeCardView.swift */; };
		A7E96044245CB4E600DAAE7F /* GoogleService-Info.plist in Resources */ = {isa = PBXBuildFile; fileRef = A7E960422459C73400DAAE7F /* GoogleService-Info.plist */; };
		A7FC12B924561045001274C6 /* AppDelegate.swift in Sources */ = {isa = PBXBuildFile; fileRef = A7FC12B824561045001274C6 /* AppDelegate.swift */; };
		A7FC12BB24561045001274C6 /* SceneDelegate.swift in Sources */ = {isa = PBXBuildFile; fileRef = A7FC12BA24561045001274C6 /* SceneDelegate.swift */; };
		A7FC12C024561045001274C6 /* Main.storyboard in Resources */ = {isa = PBXBuildFile; fileRef = A7FC12BE24561045001274C6 /* Main.storyboard */; };
		A7FC12C224561048001274C6 /* Assets.xcassets in Resources */ = {isa = PBXBuildFile; fileRef = A7FC12C124561048001274C6 /* Assets.xcassets */; };
		A7FC12C524561048001274C6 /* LaunchScreen.storyboard in Resources */ = {isa = PBXBuildFile; fileRef = A7FC12C324561048001274C6 /* LaunchScreen.storyboard */; };
		A7FC12D024561049001274C6 /* zestTests.swift in Sources */ = {isa = PBXBuildFile; fileRef = A7FC12CF24561049001274C6 /* zestTests.swift */; };
		A7FC12DC245738E7001274C6 /* uploadOneViewController.swift in Sources */ = {isa = PBXBuildFile; fileRef = A7FC12DB245738E7001274C6 /* uploadOneViewController.swift */; };
		A7FC12DE2457434A001274C6 /* uploadTwoViewController.swift in Sources */ = {isa = PBXBuildFile; fileRef = A7FC12DD2457434A001274C6 /* uploadTwoViewController.swift */; };
		A7FC12E424574720001274C6 /* profileViewController.swift in Sources */ = {isa = PBXBuildFile; fileRef = A7FC12E324574720001274C6 /* profileViewController.swift */; };
		A7FC12E624574733001274C6 /* userSettingViewController.swift in Sources */ = {isa = PBXBuildFile; fileRef = A7FC12E524574733001274C6 /* userSettingViewController.swift */; };
		A7FC12E8245749F8001274C6 /* ingredientsViewController.swift in Sources */ = {isa = PBXBuildFile; fileRef = A7FC12E7245749F8001274C6 /* ingredientsViewController.swift */; };
		A7FC12EA24574A1B001274C6 /* directionsViewController.swift in Sources */ = {isa = PBXBuildFile; fileRef = A7FC12E924574A1B001274C6 /* directionsViewController.swift */; };
		A7FC12EC24574A3D001274C6 /* reviewsViewController.swift in Sources */ = {isa = PBXBuildFile; fileRef = A7FC12EB24574A3D001274C6 /* reviewsViewController.swift */; };
		A7FC12EE24575382001274C6 /* recommendedViewController.swift in Sources */ = {isa = PBXBuildFile; fileRef = A7FC12ED24575382001274C6 /* recommendedViewController.swift */; };
		A7FC12F02457539E001274C6 /* savedRecipesViewController.swift in Sources */ = {isa = PBXBuildFile; fileRef = A7FC12EF2457539E001274C6 /* savedRecipesViewController.swift */; };
		A7FC12F2245753AE001274C6 /* tryAgainRecipesViewController.swift in Sources */ = {isa = PBXBuildFile; fileRef = A7FC12F1245753AE001274C6 /* tryAgainRecipesViewController.swift */; };
		A7FC12F4245756F0001274C6 /* uploadThreeViewController.swift in Sources */ = {isa = PBXBuildFile; fileRef = A7FC12F3245756F0001274C6 /* uploadThreeViewController.swift */; };
		A7FC132624598EF8001274C6 /* CollectionViewCell.swift in Sources */ = {isa = PBXBuildFile; fileRef = A7FC132524598EF8001274C6 /* CollectionViewCell.swift */; };
		BEC60A16C44FFCCB1E457520 /* Pods_zestTests.framework in Frameworks */ = {isa = PBXBuildFile; fileRef = EBFE72A89E114F2FD636E79F /* Pods_zestTests.framework */; };
/* End PBXBuildFile section */

/* Begin PBXContainerItemProxy section */
		A7FC12CC24561049001274C6 /* PBXContainerItemProxy */ = {
			isa = PBXContainerItemProxy;
			containerPortal = A7FC12AD24561045001274C6 /* Project object */;
			proxyType = 1;
			remoteGlobalIDString = A7FC12B424561045001274C6;
			remoteInfo = zest;
		};
/* End PBXContainerItemProxy section */

/* Begin PBXFileReference section */
		2AC4934F4634EA337B0E2223 /* Pods_zest.framework */ = {isa = PBXFileReference; explicitFileType = wrapper.framework; includeInIndex = 0; path = Pods_zest.framework; sourceTree = BUILT_PRODUCTS_DIR; };
		38ADDA6D0748D0EDAE91F940 /* Pods-zest.release.xcconfig */ = {isa = PBXFileReference; includeInIndex = 1; lastKnownFileType = text.xcconfig; name = "Pods-zest.release.xcconfig"; path = "Target Support Files/Pods-zest/Pods-zest.release.xcconfig"; sourceTree = "<group>"; };
		659603FFF01D1C2F2FE1E212 /* Pods-zest.debug.xcconfig */ = {isa = PBXFileReference; includeInIndex = 1; lastKnownFileType = text.xcconfig; name = "Pods-zest.debug.xcconfig"; path = "Target Support Files/Pods-zest/Pods-zest.debug.xcconfig"; sourceTree = "<group>"; };
		97C0FE7C13733A1074D56C6A /* Pods-zestTests.debug.xcconfig */ = {isa = PBXFileReference; includeInIndex = 1; lastKnownFileType = text.xcconfig; name = "Pods-zestTests.debug.xcconfig"; path = "Target Support Files/Pods-zestTests/Pods-zestTests.debug.xcconfig"; sourceTree = "<group>"; };
		A7E9603E2459A0B600DAAE7F /* recipeCardView.xib */ = {isa = PBXFileReference; lastKnownFileType = file.xib; path = recipeCardView.xib; sourceTree = "<group>"; };
		A7E960402459A10600DAAE7F /* recipeCardView.swift */ = {isa = PBXFileReference; lastKnownFileType = sourcecode.swift; path = recipeCardView.swift; sourceTree = "<group>"; };
		A7E960422459C73400DAAE7F /* GoogleService-Info.plist */ = {isa = PBXFileReference; fileEncoding = 4; lastKnownFileType = text.plist.xml; path = "GoogleService-Info.plist"; sourceTree = "<group>"; };
		A7FC12B524561045001274C6 /* zest.app */ = {isa = PBXFileReference; explicitFileType = wrapper.application; includeInIndex = 0; path = zest.app; sourceTree = BUILT_PRODUCTS_DIR; };
		A7FC12B824561045001274C6 /* AppDelegate.swift */ = {isa = PBXFileReference; lastKnownFileType = sourcecode.swift; path = AppDelegate.swift; sourceTree = "<group>"; };
		A7FC12BA24561045001274C6 /* SceneDelegate.swift */ = {isa = PBXFileReference; lastKnownFileType = sourcecode.swift; path = SceneDelegate.swift; sourceTree = "<group>"; };
		A7FC12BF24561045001274C6 /* Base */ = {isa = PBXFileReference; lastKnownFileType = file.storyboard; name = Base; path = Base.lproj/Main.storyboard; sourceTree = "<group>"; };
		A7FC12C124561048001274C6 /* Assets.xcassets */ = {isa = PBXFileReference; lastKnownFileType = folder.assetcatalog; path = Assets.xcassets; sourceTree = "<group>"; };
		A7FC12C424561048001274C6 /* Base */ = {isa = PBXFileReference; lastKnownFileType = file.storyboard; name = Base; path = Base.lproj/LaunchScreen.storyboard; sourceTree = "<group>"; };
		A7FC12C624561048001274C6 /* Info.plist */ = {isa = PBXFileReference; lastKnownFileType = text.plist.xml; path = Info.plist; sourceTree = "<group>"; };
		A7FC12CB24561049001274C6 /* zestTests.xctest */ = {isa = PBXFileReference; explicitFileType = wrapper.cfbundle; includeInIndex = 0; path = zestTests.xctest; sourceTree = BUILT_PRODUCTS_DIR; };
		A7FC12CF24561049001274C6 /* zestTests.swift */ = {isa = PBXFileReference; lastKnownFileType = sourcecode.swift; path = zestTests.swift; sourceTree = "<group>"; };
		A7FC12D124561049001274C6 /* Info.plist */ = {isa = PBXFileReference; lastKnownFileType = text.plist.xml; path = Info.plist; sourceTree = "<group>"; };
		A7FC12DB245738E7001274C6 /* uploadOneViewController.swift */ = {isa = PBXFileReference; lastKnownFileType = sourcecode.swift; path = uploadOneViewController.swift; sourceTree = "<group>"; };
		A7FC12DD2457434A001274C6 /* uploadTwoViewController.swift */ = {isa = PBXFileReference; lastKnownFileType = sourcecode.swift; path = uploadTwoViewController.swift; sourceTree = "<group>"; };
		A7FC12E324574720001274C6 /* profileViewController.swift */ = {isa = PBXFileReference; lastKnownFileType = sourcecode.swift; path = profileViewController.swift; sourceTree = "<group>"; };
		A7FC12E524574733001274C6 /* userSettingViewController.swift */ = {isa = PBXFileReference; lastKnownFileType = sourcecode.swift; path = userSettingViewController.swift; sourceTree = "<group>"; };
		A7FC12E7245749F8001274C6 /* ingredientsViewController.swift */ = {isa = PBXFileReference; lastKnownFileType = sourcecode.swift; path = ingredientsViewController.swift; sourceTree = "<group>"; };
		A7FC12E924574A1B001274C6 /* directionsViewController.swift */ = {isa = PBXFileReference; lastKnownFileType = sourcecode.swift; path = directionsViewController.swift; sourceTree = "<group>"; };
		A7FC12EB24574A3D001274C6 /* reviewsViewController.swift */ = {isa = PBXFileReference; lastKnownFileType = sourcecode.swift; path = reviewsViewController.swift; sourceTree = "<group>"; };
		A7FC12ED24575382001274C6 /* recommendedViewController.swift */ = {isa = PBXFileReference; lastKnownFileType = sourcecode.swift; path = recommendedViewController.swift; sourceTree = "<group>"; };
		A7FC12EF2457539E001274C6 /* savedRecipesViewController.swift */ = {isa = PBXFileReference; lastKnownFileType = sourcecode.swift; path = savedRecipesViewController.swift; sourceTree = "<group>"; };
		A7FC12F1245753AE001274C6 /* tryAgainRecipesViewController.swift */ = {isa = PBXFileReference; lastKnownFileType = sourcecode.swift; path = tryAgainRecipesViewController.swift; sourceTree = "<group>"; };
		A7FC12F3245756F0001274C6 /* uploadThreeViewController.swift */ = {isa = PBXFileReference; lastKnownFileType = sourcecode.swift; path = uploadThreeViewController.swift; sourceTree = "<group>"; };
		A7FC132524598EF8001274C6 /* CollectionViewCell.swift */ = {isa = PBXFileReference; lastKnownFileType = sourcecode.swift; path = CollectionViewCell.swift; sourceTree = "<group>"; };
		EBFE72A89E114F2FD636E79F /* Pods_zestTests.framework */ = {isa = PBXFileReference; explicitFileType = wrapper.framework; includeInIndex = 0; path = Pods_zestTests.framework; sourceTree = BUILT_PRODUCTS_DIR; };
		F85682D3A52842E920339046 /* Pods-zestTests.release.xcconfig */ = {isa = PBXFileReference; includeInIndex = 1; lastKnownFileType = text.xcconfig; name = "Pods-zestTests.release.xcconfig"; path = "Target Support Files/Pods-zestTests/Pods-zestTests.release.xcconfig"; sourceTree = "<group>"; };
/* End PBXFileReference section */

/* Begin PBXFrameworksBuildPhase section */
		A7FC12B224561045001274C6 /* Frameworks */ = {
			isa = PBXFrameworksBuildPhase;
			buildActionMask = 2147483647;
			files = (
				7221898030150B788EE28A8C /* Pods_zest.framework in Frameworks */,
			);
			runOnlyForDeploymentPostprocessing = 0;
		};
		A7FC12C824561049001274C6 /* Frameworks */ = {
			isa = PBXFrameworksBuildPhase;
			buildActionMask = 2147483647;
			files = (
				BEC60A16C44FFCCB1E457520 /* Pods_zestTests.framework in Frameworks */,
			);
			runOnlyForDeploymentPostprocessing = 0;
		};
/* End PBXFrameworksBuildPhase section */

/* Begin PBXGroup section */
		A7FC12AC24561045001274C6 = {
			isa = PBXGroup;
			children = (
				A7FC12B724561045001274C6 /* zest */,
				A7FC12CE24561049001274C6 /* zestTests */,
				A7FC12B624561045001274C6 /* Products */,
				AD8727F214B65FFD34218D9A /* Pods */,
				C664AA572784223D1FF1C85A /* Frameworks */,
			);
			sourceTree = "<group>";
		};
		A7FC12B624561045001274C6 /* Products */ = {
			isa = PBXGroup;
			children = (
				A7FC12B524561045001274C6 /* zest.app */,
				A7FC12CB24561049001274C6 /* zestTests.xctest */,
			);
			name = Products;
			sourceTree = "<group>";
		};
		A7FC12B724561045001274C6 /* zest */ = {
			isa = PBXGroup;
			children = (
				A7FC12E224574673001274C6 /* recipeViews */,
				A7FC12E124574662001274C6 /* feedViews */,
				A7FC12E024574640001274C6 /* profileViews */,
				A7FC12DF2457461A001274C6 /* signInViews */,
				A7FC12DA245738C4001274C6 /* uploadViews */,
				A7FC12B824561045001274C6 /* AppDelegate.swift */,
				A7FC12BA24561045001274C6 /* SceneDelegate.swift */,
				A7FC12BE24561045001274C6 /* Main.storyboard */,
				A7FC12C124561048001274C6 /* Assets.xcassets */,
				A7FC12C324561048001274C6 /* LaunchScreen.storyboard */,
				A7FC12C624561048001274C6 /* Info.plist */,
				A7E960422459C73400DAAE7F /* GoogleService-Info.plist */,
			);
			path = zest;
			sourceTree = "<group>";
		};
		A7FC12CE24561049001274C6 /* zestTests */ = {
			isa = PBXGroup;
			children = (
				A7FC12CF24561049001274C6 /* zestTests.swift */,
				A7FC12D124561049001274C6 /* Info.plist */,
			);
			path = zestTests;
			sourceTree = "<group>";
		};
		A7FC12DA245738C4001274C6 /* uploadViews */ = {
			isa = PBXGroup;
			children = (
				A7FC12DB245738E7001274C6 /* uploadOneViewController.swift */,
				A7FC12DD2457434A001274C6 /* uploadTwoViewController.swift */,
				A7FC12F3245756F0001274C6 /* uploadThreeViewController.swift */,
			);
			path = uploadViews;
			sourceTree = "<group>";
		};
		A7FC12DF2457461A001274C6 /* signInViews */ = {
			isa = PBXGroup;
			children = (
			);
			path = signInViews;
			sourceTree = "<group>";
		};
		A7FC12E024574640001274C6 /* profileViews */ = {
			isa = PBXGroup;
			children = (
				A7FC12E324574720001274C6 /* profileViewController.swift */,
				A7FC12E524574733001274C6 /* userSettingViewController.swift */,
			);
			path = profileViews;
			sourceTree = "<group>";
		};
		A7FC12E124574662001274C6 /* feedViews */ = {
			isa = PBXGroup;
			children = (
				A7FC12ED24575382001274C6 /* recommendedViewController.swift */,
				A7FC12EF2457539E001274C6 /* savedRecipesViewController.swift */,
				A7FC12F1245753AE001274C6 /* tryAgainRecipesViewController.swift */,
			);
			path = feedViews;
			sourceTree = "<group>";
		};
		A7FC12E224574673001274C6 /* recipeViews */ = {
			isa = PBXGroup;
			children = (
				A7FC12E7245749F8001274C6 /* ingredientsViewController.swift */,
				A7FC12E924574A1B001274C6 /* directionsViewController.swift */,
				A7FC12EB24574A3D001274C6 /* reviewsViewController.swift */,
				A7FC132524598EF8001274C6 /* CollectionViewCell.swift */,
				A7E9603E2459A0B600DAAE7F /* recipeCardView.xib */,
				A7E960402459A10600DAAE7F /* recipeCardView.swift */,
			);
			path = recipeViews;
			sourceTree = "<group>";
		};
		AD8727F214B65FFD34218D9A /* Pods */ = {
			isa = PBXGroup;
			children = (
				659603FFF01D1C2F2FE1E212 /* Pods-zest.debug.xcconfig */,
				38ADDA6D0748D0EDAE91F940 /* Pods-zest.release.xcconfig */,
				97C0FE7C13733A1074D56C6A /* Pods-zestTests.debug.xcconfig */,
				F85682D3A52842E920339046 /* Pods-zestTests.release.xcconfig */,
			);
			path = Pods;
			sourceTree = "<group>";
		};
		C664AA572784223D1FF1C85A /* Frameworks */ = {
			isa = PBXGroup;
			children = (
				2AC4934F4634EA337B0E2223 /* Pods_zest.framework */,
				EBFE72A89E114F2FD636E79F /* Pods_zestTests.framework */,
			);
			name = Frameworks;
			sourceTree = "<group>";
		};
/* End PBXGroup section */

/* Begin PBXNativeTarget section */
		A7FC12B424561045001274C6 /* zest */ = {
			isa = PBXNativeTarget;
			buildConfigurationList = A7FC12D424561049001274C6 /* Build configuration list for PBXNativeTarget "zest" */;
			buildPhases = (
				327B6102E29E8730375C94DB /* [CP] Check Pods Manifest.lock */,
				A7FC12B124561045001274C6 /* Sources */,
				A7FC12B224561045001274C6 /* Frameworks */,
				A7FC12B324561045001274C6 /* Resources */,
				F67BB138A3E8DF70BEB580FB /* [CP] Embed Pods Frameworks */,
			);
			buildRules = (
			);
			dependencies = (
			);
			name = zest;
			productName = zest;
			productReference = A7FC12B524561045001274C6 /* zest.app */;
			productType = "com.apple.product-type.application";
		};
		A7FC12CA24561049001274C6 /* zestTests */ = {
			isa = PBXNativeTarget;
			buildConfigurationList = A7FC12D724561049001274C6 /* Build configuration list for PBXNativeTarget "zestTests" */;
			buildPhases = (
				E4CB679C6AD5C926DE8F4ED6 /* [CP] Check Pods Manifest.lock */,
				A7FC12C724561049001274C6 /* Sources */,
				A7FC12C824561049001274C6 /* Frameworks */,
				A7FC12C924561049001274C6 /* Resources */,
			);
			buildRules = (
			);
			dependencies = (
				A7FC12CD24561049001274C6 /* PBXTargetDependency */,
			);
			name = zestTests;
			productName = zestTests;
			productReference = A7FC12CB24561049001274C6 /* zestTests.xctest */;
			productType = "com.apple.product-type.bundle.unit-test";
		};
/* End PBXNativeTarget section */

/* Begin PBXProject section */
		A7FC12AD24561045001274C6 /* Project object */ = {
			isa = PBXProject;
			attributes = {
				LastSwiftUpdateCheck = 1130;
				LastUpgradeCheck = 1130;
				ORGANIZATIONNAME = "Yuet Yu Melody Lam ";
				TargetAttributes = {
					A7FC12B424561045001274C6 = {
						CreatedOnToolsVersion = 11.3.1;
					};
					A7FC12CA24561049001274C6 = {
						CreatedOnToolsVersion = 11.3.1;
						TestTargetID = A7FC12B424561045001274C6;
					};
				};
			};
			buildConfigurationList = A7FC12B024561045001274C6 /* Build configuration list for PBXProject "zest" */;
			compatibilityVersion = "Xcode 9.3";
			developmentRegion = en;
			hasScannedForEncodings = 0;
			knownRegions = (
				en,
				Base,
			);
			mainGroup = A7FC12AC24561045001274C6;
			productRefGroup = A7FC12B624561045001274C6 /* Products */;
			projectDirPath = "";
			projectRoot = "";
			targets = (
				A7FC12B424561045001274C6 /* zest */,
				A7FC12CA24561049001274C6 /* zestTests */,
			);
		};
/* End PBXProject section */

/* Begin PBXResourcesBuildPhase section */
		A7FC12B324561045001274C6 /* Resources */ = {
			isa = PBXResourcesBuildPhase;
			buildActionMask = 2147483647;
			files = (
				A7E9603F2459A0B600DAAE7F /* recipeCardView.xib in Resources */,
				A7FC12C524561048001274C6 /* LaunchScreen.storyboard in Resources */,
				A7E96044245CB4E600DAAE7F /* GoogleService-Info.plist in Resources */,
				A7FC12C224561048001274C6 /* Assets.xcassets in Resources */,
				A7FC12C024561045001274C6 /* Main.storyboard in Resources */,
			);
			runOnlyForDeploymentPostprocessing = 0;
		};
		A7FC12C924561049001274C6 /* Resources */ = {
			isa = PBXResourcesBuildPhase;
			buildActionMask = 2147483647;
			files = (
			);
			runOnlyForDeploymentPostprocessing = 0;
		};
/* End PBXResourcesBuildPhase section */

/* Begin PBXShellScriptBuildPhase section */
		327B6102E29E8730375C94DB /* [CP] Check Pods Manifest.lock */ = {
			isa = PBXShellScriptBuildPhase;
			buildActionMask = 2147483647;
			files = (
			);
			inputFileListPaths = (
			);
			inputPaths = (
				"${PODS_PODFILE_DIR_PATH}/Podfile.lock",
				"${PODS_ROOT}/Manifest.lock",
			);
			name = "[CP] Check Pods Manifest.lock";
			outputFileListPaths = (
			);
			outputPaths = (
				"$(DERIVED_FILE_DIR)/Pods-zest-checkManifestLockResult.txt",
			);
			runOnlyForDeploymentPostprocessing = 0;
			shellPath = /bin/sh;
			shellScript = "diff \"${PODS_PODFILE_DIR_PATH}/Podfile.lock\" \"${PODS_ROOT}/Manifest.lock\" > /dev/null\nif [ $? != 0 ] ; then\n    # print error to STDERR\n    echo \"error: The sandbox is not in sync with the Podfile.lock. Run 'pod install' or update your CocoaPods installation.\" >&2\n    exit 1\nfi\n# This output is used by Xcode 'outputs' to avoid re-running this script phase.\necho \"SUCCESS\" > \"${SCRIPT_OUTPUT_FILE_0}\"\n";
			showEnvVarsInLog = 0;
		};
		E4CB679C6AD5C926DE8F4ED6 /* [CP] Check Pods Manifest.lock */ = {
			isa = PBXShellScriptBuildPhase;
			buildActionMask = 2147483647;
			files = (
			);
			inputFileListPaths = (
			);
			inputPaths = (
				"${PODS_PODFILE_DIR_PATH}/Podfile.lock",
				"${PODS_ROOT}/Manifest.lock",
			);
			name = "[CP] Check Pods Manifest.lock";
			outputFileListPaths = (
			);
			outputPaths = (
				"$(DERIVED_FILE_DIR)/Pods-zestTests-checkManifestLockResult.txt",
			);
			runOnlyForDeploymentPostprocessing = 0;
			shellPath = /bin/sh;
			shellScript = "diff \"${PODS_PODFILE_DIR_PATH}/Podfile.lock\" \"${PODS_ROOT}/Manifest.lock\" > /dev/null\nif [ $? != 0 ] ; then\n    # print error to STDERR\n    echo \"error: The sandbox is not in sync with the Podfile.lock. Run 'pod install' or update your CocoaPods installation.\" >&2\n    exit 1\nfi\n# This output is used by Xcode 'outputs' to avoid re-running this script phase.\necho \"SUCCESS\" > \"${SCRIPT_OUTPUT_FILE_0}\"\n";
			showEnvVarsInLog = 0;
		};
		F67BB138A3E8DF70BEB580FB /* [CP] Embed Pods Frameworks */ = {
			isa = PBXShellScriptBuildPhase;
			buildActionMask = 2147483647;
			files = (
			);
			inputFileListPaths = (
				"${PODS_ROOT}/Target Support Files/Pods-zest/Pods-zest-frameworks-${CONFIGURATION}-input-files.xcfilelist",
			);
			name = "[CP] Embed Pods Frameworks";
			outputFileListPaths = (
				"${PODS_ROOT}/Target Support Files/Pods-zest/Pods-zest-frameworks-${CONFIGURATION}-output-files.xcfilelist",
			);
			runOnlyForDeploymentPostprocessing = 0;
			shellPath = /bin/sh;
			shellScript = "\"${PODS_ROOT}/Target Support Files/Pods-zest/Pods-zest-frameworks.sh\"\n";
			showEnvVarsInLog = 0;
		};
/* End PBXShellScriptBuildPhase section */

/* Begin PBXSourcesBuildPhase section */
		A7FC12B124561045001274C6 /* Sources */ = {
			isa = PBXSourcesBuildPhase;
			buildActionMask = 2147483647;
			files = (
				A7FC12EC24574A3D001274C6 /* reviewsViewController.swift in Sources */,
				A7FC12E8245749F8001274C6 /* ingredientsViewController.swift in Sources */,
				A7FC12F02457539E001274C6 /* savedRecipesViewController.swift in Sources */,
				A7FC12E624574733001274C6 /* userSettingViewController.swift in Sources */,
				A7FC132624598EF8001274C6 /* CollectionViewCell.swift in Sources */,
				A7FC12B924561045001274C6 /* AppDelegate.swift in Sources */,
				A7FC12DC245738E7001274C6 /* uploadOneViewController.swift in Sources */,
				A7FC12EA24574A1B001274C6 /* directionsViewController.swift in Sources */,
				A7FC12F4245756F0001274C6 /* uploadThreeViewController.swift in Sources */,
				A7FC12F2245753AE001274C6 /* tryAgainRecipesViewController.swift in Sources */,
				A7FC12EE24575382001274C6 /* recommendedViewController.swift in Sources */,
				A7E960412459A10600DAAE7F /* recipeCardView.swift in Sources */,
				A7FC12DE2457434A001274C6 /* uploadTwoViewController.swift in Sources */,
				A7FC12E424574720001274C6 /* profileViewController.swift in Sources */,
				A7FC12BB24561045001274C6 /* SceneDelegate.swift in Sources */,
			);
			runOnlyForDeploymentPostprocessing = 0;
		};
		A7FC12C724561049001274C6 /* Sources */ = {
			isa = PBXSourcesBuildPhase;
			buildActionMask = 2147483647;
			files = (
				A7FC12D024561049001274C6 /* zestTests.swift in Sources */,
			);
			runOnlyForDeploymentPostprocessing = 0;
		};
/* End PBXSourcesBuildPhase section */

/* Begin PBXTargetDependency section */
		A7FC12CD24561049001274C6 /* PBXTargetDependency */ = {
			isa = PBXTargetDependency;
			target = A7FC12B424561045001274C6 /* zest */;
			targetProxy = A7FC12CC24561049001274C6 /* PBXContainerItemProxy */;
		};
/* End PBXTargetDependency section */

/* Begin PBXVariantGroup section */
		A7FC12BE24561045001274C6 /* Main.storyboard */ = {
			isa = PBXVariantGroup;
			children = (
				A7FC12BF24561045001274C6 /* Base */,
			);
			name = Main.storyboard;
			sourceTree = "<group>";
		};
		A7FC12C324561048001274C6 /* LaunchScreen.storyboard */ = {
			isa = PBXVariantGroup;
			children = (
				A7FC12C424561048001274C6 /* Base */,
			);
			name = LaunchScreen.storyboard;
			sourceTree = "<group>";
		};
/* End PBXVariantGroup section */

/* Begin XCBuildConfiguration section */
		A7FC12D224561049001274C6 /* Debug */ = {
			isa = XCBuildConfiguration;
			buildSettings = {
				ALWAYS_SEARCH_USER_PATHS = NO;
				CLANG_ANALYZER_NONNULL = YES;
				CLANG_ANALYZER_NUMBER_OBJECT_CONVERSION = YES_AGGRESSIVE;
				CLANG_CXX_LANGUAGE_STANDARD = "gnu++14";
				CLANG_CXX_LIBRARY = "libc++";
				CLANG_ENABLE_MODULES = YES;
				CLANG_ENABLE_OBJC_ARC = YES;
				CLANG_ENABLE_OBJC_WEAK = YES;
				CLANG_WARN_BLOCK_CAPTURE_AUTORELEASING = YES;
				CLANG_WARN_BOOL_CONVERSION = YES;
				CLANG_WARN_COMMA = YES;
				CLANG_WARN_CONSTANT_CONVERSION = YES;
				CLANG_WARN_DEPRECATED_OBJC_IMPLEMENTATIONS = YES;
				CLANG_WARN_DIRECT_OBJC_ISA_USAGE = YES_ERROR;
				CLANG_WARN_DOCUMENTATION_COMMENTS = YES;
				CLANG_WARN_EMPTY_BODY = YES;
				CLANG_WARN_ENUM_CONVERSION = YES;
				CLANG_WARN_INFINITE_RECURSION = YES;
				CLANG_WARN_INT_CONVERSION = YES;
				CLANG_WARN_NON_LITERAL_NULL_CONVERSION = YES;
				CLANG_WARN_OBJC_IMPLICIT_RETAIN_SELF = YES;
				CLANG_WARN_OBJC_LITERAL_CONVERSION = YES;
				CLANG_WARN_OBJC_ROOT_CLASS = YES_ERROR;
				CLANG_WARN_RANGE_LOOP_ANALYSIS = YES;
				CLANG_WARN_STRICT_PROTOTYPES = YES;
				CLANG_WARN_SUSPICIOUS_MOVE = YES;
				CLANG_WARN_UNGUARDED_AVAILABILITY = YES_AGGRESSIVE;
				CLANG_WARN_UNREACHABLE_CODE = YES;
				CLANG_WARN__DUPLICATE_METHOD_MATCH = YES;
				COPY_PHASE_STRIP = NO;
				DEBUG_INFORMATION_FORMAT = dwarf;
				ENABLE_STRICT_OBJC_MSGSEND = YES;
				ENABLE_TESTABILITY = YES;
				GCC_C_LANGUAGE_STANDARD = gnu11;
				GCC_DYNAMIC_NO_PIC = NO;
				GCC_NO_COMMON_BLOCKS = YES;
				GCC_OPTIMIZATION_LEVEL = 0;
				GCC_PREPROCESSOR_DEFINITIONS = (
					"DEBUG=1",
					"$(inherited)",
				);
				GCC_WARN_64_TO_32_BIT_CONVERSION = YES;
				GCC_WARN_ABOUT_RETURN_TYPE = YES_ERROR;
				GCC_WARN_UNDECLARED_SELECTOR = YES;
				GCC_WARN_UNINITIALIZED_AUTOS = YES_AGGRESSIVE;
				GCC_WARN_UNUSED_FUNCTION = YES;
				GCC_WARN_UNUSED_VARIABLE = YES;
				IPHONEOS_DEPLOYMENT_TARGET = 13.2;
				MTL_ENABLE_DEBUG_INFO = INCLUDE_SOURCE;
				MTL_FAST_MATH = YES;
				ONLY_ACTIVE_ARCH = YES;
				SDKROOT = iphoneos;
				SWIFT_ACTIVE_COMPILATION_CONDITIONS = DEBUG;
				SWIFT_OPTIMIZATION_LEVEL = "-Onone";
			};
			name = Debug;
		};
		A7FC12D324561049001274C6 /* Release */ = {
			isa = XCBuildConfiguration;
			buildSettings = {
				ALWAYS_SEARCH_USER_PATHS = NO;
				CLANG_ANALYZER_NONNULL = YES;
				CLANG_ANALYZER_NUMBER_OBJECT_CONVERSION = YES_AGGRESSIVE;
				CLANG_CXX_LANGUAGE_STANDARD = "gnu++14";
				CLANG_CXX_LIBRARY = "libc++";
				CLANG_ENABLE_MODULES = YES;
				CLANG_ENABLE_OBJC_ARC = YES;
				CLANG_ENABLE_OBJC_WEAK = YES;
				CLANG_WARN_BLOCK_CAPTURE_AUTORELEASING = YES;
				CLANG_WARN_BOOL_CONVERSION = YES;
				CLANG_WARN_COMMA = YES;
				CLANG_WARN_CONSTANT_CONVERSION = YES;
				CLANG_WARN_DEPRECATED_OBJC_IMPLEMENTATIONS = YES;
				CLANG_WARN_DIRECT_OBJC_ISA_USAGE = YES_ERROR;
				CLANG_WARN_DOCUMENTATION_COMMENTS = YES;
				CLANG_WARN_EMPTY_BODY = YES;
				CLANG_WARN_ENUM_CONVERSION = YES;
				CLANG_WARN_INFINITE_RECURSION = YES;
				CLANG_WARN_INT_CONVERSION = YES;
				CLANG_WARN_NON_LITERAL_NULL_CONVERSION = YES;
				CLANG_WARN_OBJC_IMPLICIT_RETAIN_SELF = YES;
				CLANG_WARN_OBJC_LITERAL_CONVERSION = YES;
				CLANG_WARN_OBJC_ROOT_CLASS = YES_ERROR;
				CLANG_WARN_RANGE_LOOP_ANALYSIS = YES;
				CLANG_WARN_STRICT_PROTOTYPES = YES;
				CLANG_WARN_SUSPICIOUS_MOVE = YES;
				CLANG_WARN_UNGUARDED_AVAILABILITY = YES_AGGRESSIVE;
				CLANG_WARN_UNREACHABLE_CODE = YES;
				CLANG_WARN__DUPLICATE_METHOD_MATCH = YES;
				COPY_PHASE_STRIP = NO;
				DEBUG_INFORMATION_FORMAT = "dwarf-with-dsym";
				ENABLE_NS_ASSERTIONS = NO;
				ENABLE_STRICT_OBJC_MSGSEND = YES;
				GCC_C_LANGUAGE_STANDARD = gnu11;
				GCC_NO_COMMON_BLOCKS = YES;
				GCC_WARN_64_TO_32_BIT_CONVERSION = YES;
				GCC_WARN_ABOUT_RETURN_TYPE = YES_ERROR;
				GCC_WARN_UNDECLARED_SELECTOR = YES;
				GCC_WARN_UNINITIALIZED_AUTOS = YES_AGGRESSIVE;
				GCC_WARN_UNUSED_FUNCTION = YES;
				GCC_WARN_UNUSED_VARIABLE = YES;
				IPHONEOS_DEPLOYMENT_TARGET = 13.2;
				MTL_ENABLE_DEBUG_INFO = NO;
				MTL_FAST_MATH = YES;
				SDKROOT = iphoneos;
				SWIFT_COMPILATION_MODE = wholemodule;
				SWIFT_OPTIMIZATION_LEVEL = "-O";
				VALIDATE_PRODUCT = YES;
			};
			name = Release;
		};
		A7FC12D524561049001274C6 /* Debug */ = {
			isa = XCBuildConfiguration;
			baseConfigurationReference = 659603FFF01D1C2F2FE1E212 /* Pods-zest.debug.xcconfig */;
			buildSettings = {
				ASSETCATALOG_COMPILER_APPICON_NAME = AppIcon;
				CODE_SIGN_STYLE = Automatic;
				INFOPLIST_FILE = zest/Info.plist;
				LD_RUNPATH_SEARCH_PATHS = (
					"$(inherited)",
					"@executable_path/Frameworks",
				);
				PRODUCT_BUNDLE_IDENTIFIER = com.melody.zest;
				PRODUCT_NAME = "$(TARGET_NAME)";
				SWIFT_VERSION = 5.0;
				TARGETED_DEVICE_FAMILY = "1,2";
			};
			name = Debug;
		};
		A7FC12D624561049001274C6 /* Release */ = {
			isa = XCBuildConfiguration;
			baseConfigurationReference = 38ADDA6D0748D0EDAE91F940 /* Pods-zest.release.xcconfig */;
			buildSettings = {
				ASSETCATALOG_COMPILER_APPICON_NAME = AppIcon;
				CODE_SIGN_STYLE = Automatic;
				INFOPLIST_FILE = zest/Info.plist;
				LD_RUNPATH_SEARCH_PATHS = (
					"$(inherited)",
					"@executable_path/Frameworks",
				);
				PRODUCT_BUNDLE_IDENTIFIER = com.melody.zest;
				PRODUCT_NAME = "$(TARGET_NAME)";
				SWIFT_VERSION = 5.0;
				TARGETED_DEVICE_FAMILY = "1,2";
			};
			name = Release;
		};
		A7FC12D824561049001274C6 /* Debug */ = {
			isa = XCBuildConfiguration;
			baseConfigurationReference = 97C0FE7C13733A1074D56C6A /* Pods-zestTests.debug.xcconfig */;
			buildSettings = {
				ALWAYS_EMBED_SWIFT_STANDARD_LIBRARIES = YES;
				BUNDLE_LOADER = "$(TEST_HOST)";
				CODE_SIGN_STYLE = Automatic;
				INFOPLIST_FILE = zestTests/Info.plist;
				IPHONEOS_DEPLOYMENT_TARGET = 13.2;
				LD_RUNPATH_SEARCH_PATHS = (
					"$(inherited)",
					"@executable_path/Frameworks",
					"@loader_path/Frameworks",
				);
				PRODUCT_BUNDLE_IDENTIFIER = com.melody.zestTests;
				PRODUCT_NAME = "$(TARGET_NAME)";
				SWIFT_VERSION = 5.0;
				TARGETED_DEVICE_FAMILY = "1,2";
				TEST_HOST = "$(BUILT_PRODUCTS_DIR)/zest.app/zest";
			};
			name = Debug;
		};
		A7FC12D924561049001274C6 /* Release */ = {
			isa = XCBuildConfiguration;
			baseConfigurationReference = F85682D3A52842E920339046 /* Pods-zestTests.release.xcconfig */;
			buildSettings = {
				ALWAYS_EMBED_SWIFT_STANDARD_LIBRARIES = YES;
				BUNDLE_LOADER = "$(TEST_HOST)";
				CODE_SIGN_STYLE = Automatic;
				INFOPLIST_FILE = zestTests/Info.plist;
				IPHONEOS_DEPLOYMENT_TARGET = 13.2;
				LD_RUNPATH_SEARCH_PATHS = (
					"$(inherited)",
					"@executable_path/Frameworks",
					"@loader_path/Frameworks",
				);
				PRODUCT_BUNDLE_IDENTIFIER = com.melody.zestTests;
				PRODUCT_NAME = "$(TARGET_NAME)";
				SWIFT_VERSION = 5.0;
				TARGETED_DEVICE_FAMILY = "1,2";
				TEST_HOST = "$(BUILT_PRODUCTS_DIR)/zest.app/zest";
			};
			name = Release;
		};
/* End XCBuildConfiguration section */

/* Begin XCConfigurationList section */
		A7FC12B024561045001274C6 /* Build configuration list for PBXProject "zest" */ = {
			isa = XCConfigurationList;
			buildConfigurations = (
				A7FC12D224561049001274C6 /* Debug */,
				A7FC12D324561049001274C6 /* Release */,
			);
			defaultConfigurationIsVisible = 0;
			defaultConfigurationName = Release;
		};
		A7FC12D424561049001274C6 /* Build configuration list for PBXNativeTarget "zest" */ = {
			isa = XCConfigurationList;
			buildConfigurations = (
				A7FC12D524561049001274C6 /* Debug */,
				A7FC12D624561049001274C6 /* Release */,
			);
			defaultConfigurationIsVisible = 0;
			defaultConfigurationName = Release;
		};
		A7FC12D724561049001274C6 /* Build configuration list for PBXNativeTarget "zestTests" */ = {
			isa = XCConfigurationList;
			buildConfigurations = (
				A7FC12D824561049001274C6 /* Debug */,
				A7FC12D924561049001274C6 /* Release */,
			);
			defaultConfigurationIsVisible = 0;
			defaultConfigurationName = Release;
		};
/* End XCConfigurationList section */
	};
	rootObject = A7FC12AD24561045001274C6 /* Project object */;
}
